<?xml version="1.0" encoding="utf-8"?>
<Project ToolsVersion="4.0" xmlns="http://schemas.microsoft.com/developer/msbuild/2003">
  <ItemGroup>
    <Filter Include="Source Files">
      <UniqueIdentifier>{4FC737F1-C7A5-4376-A066-2A32D752A2FF}</UniqueIdentifier>
      <Extensions>cpp;c;cc;cxx;c++;def;odl;idl;hpj;bat;asm;asmx</Extensions>
    </Filter>
    <Filter Include="Header Files">
      <UniqueIdentifier>{93995380-89BD-4b04-88EB-625FBE52EBFB}</UniqueIdentifier>
      <Extensions>h;hh;hpp;hxx;h++;hm;inl;inc;ipp;xsd</Extensions>
    </Filter>
    <Filter Include="Resource Files">
      <UniqueIdentifier>{67DA6AB6-F800-4c08-8B7A-83BB121AAD01}</UniqueIdentifier>
      <Extensions>rc;ico;cur;bmp;dlg;rc2;rct;bin;rgs;gif;jpg;jpeg;jpe;resx;tiff;tif;png;wav;mfcribbon-ms</Extensions>
    </Filter>
  </ItemGroup>
  <ItemGroup>
    <ClInclude Include="src\netclient.h">
      <Filter>Header Files</Filter>
    </ClInclude>
    <ClInclude Include="src\netserver.h">
      <Filter>Header Files</Filter>
    </ClInclude>
    <ClInclude Include="src\network.h">
      <Filter>Header Files</Filter>
    </ClInclude>
    <ClInclude Include="src\packet.h">
      <Filter>Header Files</Filter>
    </ClInclude>
    <ClInclude Include="include\cryptlib\config.h">
      <Filter>Header Files</Filter>
    </ClInclude>
    <ClInclude Include="include\cryptlib\cryptlib.h">
      <Filter>Header Files</Filter>
    </ClInclude>
    <ClInclude Include="include\cryptlib\sha.h">
      <Filter>Header Files</Filter>
    </ClInclude>
    <ClInclude Include="include\cryptlib\stdcpp.h">
      <Filter>Header Files</Filter>
    </ClInclude>
    <ClInclude Include="include\cryptlib\trap.h">
      <Filter>Header Files</Filter>
    </ClInclude>
    <ClInclude Include="include\cryptlib\3way.h">
      <Filter>Header Files</Filter>
    </ClInclude>
    <ClInclude Include="include\cryptlib\adler32.h">
      <Filter>Header Files</Filter>
    </ClInclude>
    <ClInclude Include="include\cryptlib\adv_simd.h">
      <Filter>Header Files</Filter>
    </ClInclude>
    <ClInclude Include="include\cryptlib\aes.h">
      <Filter>Header Files</Filter>
    </ClInclude>
    <ClInclude Include="include\cryptlib\aes_armv4.h">
      <Filter>Header Files</Filter>
    </ClInclude>
    <ClInclude Include="include\cryptlib\algebra.h">
      <Filter>Header Files</Filter>
    </ClInclude>
    <ClInclude Include="include\cryptlib\algparam.h">
      <Filter>Header Files</Filter>
    </ClInclude>
    <ClInclude Include="include\cryptlib\arc4.h">
      <Filter>Header Files</Filter>
    </ClInclude>
    <ClInclude Include="include\cryptlib\argnames.h">
      <Filter>Header Files</Filter>
    </ClInclude>
    <ClInclude Include="include\cryptlib\aria.h">
      <Filter>Header Files</Filter>
    </ClInclude>
    <ClInclude Include="include\cryptlib\arm_simd.h">
      <Filter>Header Files</Filter>
    </ClInclude>
    <ClInclude Include="include\cryptlib\asn.h">
      <Filter>Header Files</Filter>
    </ClInclude>
    <ClInclude Include="include\cryptlib\authenc.h">
      <Filter>Header Files</Filter>
    </ClInclude>
    <ClInclude Include="include\cryptlib\base32.h">
      <Filter>Header Files</Filter>
    </ClInclude>
    <ClInclude Include="include\cryptlib\base64.h">
      <Filter>Header Files</Filter>
    </ClInclude>
    <ClInclude Include="include\cryptlib\basecode.h">
      <Filter>Header Files</Filter>
    </ClInclude>
    <ClInclude Include="include\cryptlib\bench.h">
      <Filter>Header Files</Filter>
    </ClInclude>
    <ClInclude Include="include\cryptlib\blake2.h">
      <Filter>Header Files</Filter>
    </ClInclude>
    <ClInclude Include="include\cryptlib\blowfish.h">
      <Filter>Header Files</Filter>
    </ClInclude>
    <ClInclude Include="include\cryptlib\blumshub.h">
      <Filter>Header Files</Filter>
    </ClInclude>
    <ClInclude Include="include\cryptlib\camellia.h">
      <Filter>Header Files</Filter>
    </ClInclude>
    <ClInclude Include="include\cryptlib\cast.h">
      <Filter>Header Files</Filter>
    </ClInclude>
    <ClInclude Include="include\cryptlib\cbcmac.h">
      <Filter>Header Files</Filter>
    </ClInclude>
    <ClInclude Include="include\cryptlib\ccm.h">
      <Filter>Header Files</Filter>
    </ClInclude>
    <ClInclude Include="include\cryptlib\chacha.h">
      <Filter>Header Files</Filter>
    </ClInclude>
    <ClInclude Include="include\cryptlib\chachapoly.h">
      <Filter>Header Files</Filter>
    </ClInclude>
    <ClInclude Include="include\cryptlib\cham.h">
      <Filter>Header Files</Filter>
    </ClInclude>
    <ClInclude Include="include\cryptlib\channels.h">
      <Filter>Header Files</Filter>
    </ClInclude>
    <ClInclude Include="include\cryptlib\cmac.h">
      <Filter>Header Files</Filter>
    </ClInclude>
    <ClInclude Include="include\cryptlib\cpu.h">
      <Filter>Header Files</Filter>
    </ClInclude>
    <ClInclude Include="include\cryptlib\crc.h">
      <Filter>Header Files</Filter>
    </ClInclude>
    <ClInclude Include="include\cryptlib\darn.h">
      <Filter>Header Files</Filter>
    </ClInclude>
    <ClInclude Include="include\cryptlib\default.h">
      <Filter>Header Files</Filter>
    </ClInclude>
    <ClInclude Include="include\cryptlib\des.h">
      <Filter>Header Files</Filter>
    </ClInclude>
    <ClInclude Include="include\cryptlib\dh.h">
      <Filter>Header Files</Filter>
    </ClInclude>
    <ClInclude Include="include\cryptlib\dh2.h">
      <Filter>Header Files</Filter>
    </ClInclude>
    <ClInclude Include="include\cryptlib\dll.h">
      <Filter>Header Files</Filter>
    </ClInclude>
    <ClInclude Include="include\cryptlib\dmac.h">
      <Filter>Header Files</Filter>
    </ClInclude>
    <ClInclude Include="include\cryptlib\donna.h">
      <Filter>Header Files</Filter>
    </ClInclude>
    <ClInclude Include="include\cryptlib\donna_32.h">
      <Filter>Header Files</Filter>
    </ClInclude>
    <ClInclude Include="include\cryptlib\donna_64.h">
      <Filter>Header Files</Filter>
    </ClInclude>
    <ClInclude Include="include\cryptlib\donna_sse.h">
      <Filter>Header Files</Filter>
    </ClInclude>
    <ClInclude Include="include\cryptlib\drbg.h">
      <Filter>Header Files</Filter>
    </ClInclude>
    <ClInclude Include="include\cryptlib\dsa.h">
      <Filter>Header Files</Filter>
    </ClInclude>
    <ClInclude Include="include\cryptlib\eax.h">
      <Filter>Header Files</Filter>
    </ClInclude>
    <ClInclude Include="include\cryptlib\ec2n.h">
      <Filter>Header Files</Filter>
    </ClInclude>
    <ClInclude Include="include\cryptlib\eccrypto.h">
      <Filter>Header Files</Filter>
    </ClInclude>
    <ClInclude Include="include\cryptlib\ecp.h">
      <Filter>Header Files</Filter>
    </ClInclude>
    <ClInclude Include="include\cryptlib\ecpoint.h">
      <Filter>Header Files</Filter>
    </ClInclude>
    <ClInclude Include="include\cryptlib\elgamal.h">
      <Filter>Header Files</Filter>
    </ClInclude>
    <ClInclude Include="include\cryptlib\emsa2.h">
      <Filter>Header Files</Filter>
    </ClInclude>
    <ClInclude Include="include\cryptlib\eprecomp.h">
      <Filter>Header Files</Filter>
    </ClInclude>
    <ClInclude Include="include\cryptlib\esign.h">
      <Filter>Header Files</Filter>
    </ClInclude>
    <ClInclude Include="include\cryptlib\factory.h">
      <Filter>Header Files</Filter>
    </ClInclude>
    <ClInclude Include="include\cryptlib\fhmqv.h">
      <Filter>Header Files</Filter>
    </ClInclude>
    <ClInclude Include="include\cryptlib\files.h">
      <Filter>Header Files</Filter>
    </ClInclude>
    <ClInclude Include="include\cryptlib\filters.h">
      <Filter>Header Files</Filter>
    </ClInclude>
    <ClInclude Include="include\cryptlib\fips140.h">
      <Filter>Header Files</Filter>
    </ClInclude>
    <ClInclude Include="include\cryptlib\fltrimpl.h">
      <Filter>Header Files</Filter>
    </ClInclude>
    <ClInclude Include="include\cryptlib\gcm.h">
      <Filter>Header Files</Filter>
    </ClInclude>
    <ClInclude Include="include\cryptlib\gf2_32.h">
      <Filter>Header Files</Filter>
    </ClInclude>
    <ClInclude Include="include\cryptlib\gf2n.h">
      <Filter>Header Files</Filter>
    </ClInclude>
    <ClInclude Include="include\cryptlib\gf256.h">
      <Filter>Header Files</Filter>
    </ClInclude>
    <ClInclude Include="include\cryptlib\gfpcrypt.h">
      <Filter>Header Files</Filter>
    </ClInclude>
    <ClInclude Include="include\cryptlib\gost.h">
      <Filter>Header Files</Filter>
    </ClInclude>
    <ClInclude Include="include\cryptlib\gzip.h">
      <Filter>Header Files</Filter>
    </ClInclude>
    <ClInclude Include="include\cryptlib\hashfwd.h">
      <Filter>Header Files</Filter>
    </ClInclude>
    <ClInclude Include="include\cryptlib\hc128.h">
      <Filter>Header Files</Filter>
    </ClInclude>
    <ClInclude Include="include\cryptlib\hc256.h">
      <Filter>Header Files</Filter>
    </ClInclude>
    <ClInclude Include="include\cryptlib\hex.h">
      <Filter>Header Files</Filter>
    </ClInclude>
    <ClInclude Include="include\cryptlib\hight.h">
      <Filter>Header Files</Filter>
    </ClInclude>
    <ClInclude Include="include\cryptlib\hkdf.h">
      <Filter>Header Files</Filter>
    </ClInclude>
    <ClInclude Include="include\cryptlib\hmac.h">
      <Filter>Header Files</Filter>
    </ClInclude>
    <ClInclude Include="include\cryptlib\hmqv.h">
      <Filter>Header Files</Filter>
    </ClInclude>
    <ClInclude Include="include\cryptlib\hrtimer.h">
      <Filter>Header Files</Filter>
    </ClInclude>
    <ClInclude Include="include\cryptlib\ida.h">
      <Filter>Header Files</Filter>
    </ClInclude>
    <ClInclude Include="include\cryptlib\idea.h">
      <Filter>Header Files</Filter>
    </ClInclude>
    <ClInclude Include="include\cryptlib\integer.h">
      <Filter>Header Files</Filter>
    </ClInclude>
    <ClInclude Include="include\cryptlib\iterhash.h">
      <Filter>Header Files</Filter>
    </ClInclude>
    <ClInclude Include="include\cryptlib\kalyna.h">
      <Filter>Header Files</Filter>
    </ClInclude>
    <ClInclude Include="include\cryptlib\keccak.h">
      <Filter>Header Files</Filter>
    </ClInclude>
    <ClInclude Include="include\cryptlib\lea.h">
      <Filter>Header Files</Filter>
    </ClInclude>
    <ClInclude Include="include\cryptlib\lubyrack.h">
      <Filter>Header Files</Filter>
    </ClInclude>
    <ClInclude Include="include\cryptlib\luc.h">
      <Filter>Header Files</Filter>
    </ClInclude>
    <ClInclude Include="include\cryptlib\mars.h">
      <Filter>Header Files</Filter>
    </ClInclude>
    <ClInclude Include="include\cryptlib\md2.h">
      <Filter>Header Files</Filter>
    </ClInclude>
    <ClInclude Include="include\cryptlib\md4.h">
      <Filter>Header Files</Filter>
    </ClInclude>
    <ClInclude Include="include\cryptlib\md5.h">
      <Filter>Header Files</Filter>
    </ClInclude>
    <ClInclude Include="include\cryptlib\mdc.h">
      <Filter>Header Files</Filter>
    </ClInclude>
    <ClInclude Include="include\cryptlib\mersenne.h">
      <Filter>Header Files</Filter>
    </ClInclude>
    <ClInclude Include="include\cryptlib\misc.h">
      <Filter>Header Files</Filter>
    </ClInclude>
    <ClInclude Include="include\cryptlib\modarith.h">
      <Filter>Header Files</Filter>
    </ClInclude>
    <ClInclude Include="include\cryptlib\modes.h">
      <Filter>Header Files</Filter>
    </ClInclude>
    <ClInclude Include="include\cryptlib\modexppc.h">
      <Filter>Header Files</Filter>
    </ClInclude>
    <ClInclude Include="include\cryptlib\mqueue.h">
      <Filter>Header Files</Filter>
    </ClInclude>
    <ClInclude Include="include\cryptlib\mqv.h">
      <Filter>Header Files</Filter>
    </ClInclude>
    <ClInclude Include="include\cryptlib\naclite.h">
      <Filter>Header Files</Filter>
    </ClInclude>
    <ClInclude Include="include\cryptlib\nbtheory.h">
      <Filter>Header Files</Filter>
    </ClInclude>
    <ClInclude Include="include\cryptlib\nr.h">
      <Filter>Header Files</Filter>
    </ClInclude>
    <ClInclude Include="include\cryptlib\oaep.h">
      <Filter>Header Files</Filter>
    </ClInclude>
    <ClInclude Include="include\cryptlib\oids.h">
      <Filter>Header Files</Filter>
    </ClInclude>
    <ClInclude Include="include\cryptlib\osrng.h">
      <Filter>Header Files</Filter>
    </ClInclude>
    <ClInclude Include="include\cryptlib\ossig.h">
      <Filter>Header Files</Filter>
    </ClInclude>
    <ClInclude Include="include\cryptlib\padlkrng.h">
      <Filter>Header Files</Filter>
    </ClInclude>
    <ClInclude Include="include\cryptlib\panama.h">
      <Filter>Header Files</Filter>
    </ClInclude>
    <ClInclude Include="include\cryptlib\pch.h">
      <Filter>Header Files</Filter>
    </ClInclude>
    <ClInclude Include="include\cryptlib\pkcspad.h">
      <Filter>Header Files</Filter>
    </ClInclude>
    <ClInclude Include="include\cryptlib\poly1305.h">
      <Filter>Header Files</Filter>
    </ClInclude>
    <ClInclude Include="include\cryptlib\polynomi.h">
      <Filter>Header Files</Filter>
    </ClInclude>
    <ClInclude Include="include\cryptlib\ppc_simd.h">
      <Filter>Header Files</Filter>
    </ClInclude>
    <ClInclude Include="include\cryptlib\pssr.h">
      <Filter>Header Files</Filter>
    </ClInclude>
    <ClInclude Include="include\cryptlib\pubkey.h">
      <Filter>Header Files</Filter>
    </ClInclude>
    <ClInclude Include="include\cryptlib\pwdbased.h">
      <Filter>Header Files</Filter>
    </ClInclude>
    <ClInclude Include="include\cryptlib\queue.h">
      <Filter>Header Files</Filter>
    </ClInclude>
    <ClInclude Include="include\cryptlib\rabbit.h">
      <Filter>Header Files</Filter>
    </ClInclude>
    <ClInclude Include="include\cryptlib\rabin.h">
      <Filter>Header Files</Filter>
    </ClInclude>
    <ClInclude Include="include\cryptlib\randpool.h">
      <Filter>Header Files</Filter>
    </ClInclude>
    <ClInclude Include="include\cryptlib\rc2.h">
      <Filter>Header Files</Filter>
    </ClInclude>
    <ClInclude Include="include\cryptlib\rc5.h">
      <Filter>Header Files</Filter>
    </ClInclude>
    <ClInclude Include="include\cryptlib\rc6.h">
      <Filter>Header Files</Filter>
    </ClInclude>
    <ClInclude Include="include\cryptlib\rdrand.h">
      <Filter>Header Files</Filter>
    </ClInclude>
    <ClInclude Include="include\cryptlib\resource.h">
      <Filter>Header Files</Filter>
    </ClInclude>
    <ClInclude Include="include\cryptlib\rijndael.h">
      <Filter>Header Files</Filter>
    </ClInclude>
    <ClInclude Include="include\cryptlib\ripemd.h">
      <Filter>Header Files</Filter>
    </ClInclude>
    <ClInclude Include="include\cryptlib\rng.h">
      <Filter>Header Files</Filter>
    </ClInclude>
    <ClInclude Include="include\cryptlib\rsa.h">
      <Filter>Header Files</Filter>
    </ClInclude>
    <ClInclude Include="include\cryptlib\rw.h">
      <Filter>Header Files</Filter>
    </ClInclude>
    <ClInclude Include="include\cryptlib\safer.h">
      <Filter>Header Files</Filter>
    </ClInclude>
    <ClInclude Include="include\cryptlib\salsa.h">
      <Filter>Header Files</Filter>
    </ClInclude>
    <ClInclude Include="include\cryptlib\scrypt.h">
      <Filter>Header Files</Filter>
    </ClInclude>
    <ClInclude Include="include\cryptlib\seal.h">
      <Filter>Header Files</Filter>
    </ClInclude>
    <ClInclude Include="include\cryptlib\secblock.h">
      <Filter>Header Files</Filter>
    </ClInclude>
    <ClInclude Include="include\cryptlib\seckey.h">
      <Filter>Header Files</Filter>
    </ClInclude>
    <ClInclude Include="include\cryptlib\seed.h">
      <Filter>Header Files</Filter>
    </ClInclude>
    <ClInclude Include="include\cryptlib\serpent.h">
      <Filter>Header Files</Filter>
    </ClInclude>
    <ClInclude Include="include\cryptlib\serpentp.h">
      <Filter>Header Files</Filter>
    </ClInclude>
    <ClInclude Include="include\cryptlib\sha3.h">
      <Filter>Header Files</Filter>
    </ClInclude>
    <ClInclude Include="include\cryptlib\shacal2.h">
      <Filter>Header Files</Filter>
    </ClInclude>
    <ClInclude Include="include\cryptlib\shake.h">
      <Filter>Header Files</Filter>
    </ClInclude>
    <ClInclude Include="include\cryptlib\shark.h">
      <Filter>Header Files</Filter>
    </ClInclude>
    <ClInclude Include="include\cryptlib\simeck.h">
      <Filter>Header Files</Filter>
    </ClInclude>
    <ClInclude Include="include\cryptlib\simon.h">
      <Filter>Header Files</Filter>
    </ClInclude>
    <ClInclude Include="include\cryptlib\simple.h">
      <Filter>Header Files</Filter>
    </ClInclude>
    <ClInclude Include="include\cryptlib\siphash.h">
      <Filter>Header Files</Filter>
    </ClInclude>
    <ClInclude Include="include\cryptlib\skipjack.h">
      <Filter>Header Files</Filter>
    </ClInclude>
    <ClInclude Include="include\cryptlib\sm3.h">
      <Filter>Header Files</Filter>
    </ClInclude>
    <ClInclude Include="include\cryptlib\sm4.h">
      <Filter>Header Files</Filter>
    </ClInclude>
    <ClInclude Include="include\cryptlib\smartptr.h">
      <Filter>Header Files</Filter>
    </ClInclude>
    <ClInclude Include="include\cryptlib\sosemanuk.h">
      <Filter>Header Files</Filter>
    </ClInclude>
    <ClInclude Include="include\cryptlib\speck.h">
      <Filter>Header Files</Filter>
    </ClInclude>
    <ClInclude Include="include\cryptlib\square.h">
      <Filter>Header Files</Filter>
    </ClInclude>
    <ClInclude Include="include\cryptlib\strciphr.h">
      <Filter>Header Files</Filter>
    </ClInclude>
    <ClInclude Include="include\cryptlib\tea.h">
      <Filter>Header Files</Filter>
    </ClInclude>
    <ClInclude Include="include\cryptlib\threefish.h">
      <Filter>Header Files</Filter>
    </ClInclude>
    <ClInclude Include="include\cryptlib\tiger.h">
      <Filter>Header Files</Filter>
    </ClInclude>
    <ClInclude Include="include\cryptlib\trunhash.h">
      <Filter>Header Files</Filter>
    </ClInclude>
    <ClInclude Include="include\cryptlib\ttmac.h">
      <Filter>Header Files</Filter>
    </ClInclude>
    <ClInclude Include="include\cryptlib\tweetnacl.h">
      <Filter>Header Files</Filter>
    </ClInclude>
    <ClInclude Include="include\cryptlib\twofish.h">
      <Filter>Header Files</Filter>
    </ClInclude>
    <ClInclude Include="include\cryptlib\validate.h">
      <Filter>Header Files</Filter>
    </ClInclude>
    <ClInclude Include="include\cryptlib\vmac.h">
      <Filter>Header Files</Filter>
    </ClInclude>
    <ClInclude Include="include\cryptlib\wake.h">
      <Filter>Header Files</Filter>
    </ClInclude>
    <ClInclude Include="include\cryptlib\whrlpool.h">
      <Filter>Header Files</Filter>
    </ClInclude>
    <ClInclude Include="include\cryptlib\words.h">
      <Filter>Header Files</Filter>
    </ClInclude>
    <ClInclude Include="include\cryptlib\xed25519.h">
      <Filter>Header Files</Filter>
    </ClInclude>
    <ClInclude Include="include\cryptlib\xtr.h">
      <Filter>Header Files</Filter>
    </ClInclude>
    <ClInclude Include="include\cryptlib\xtrcrypt.h">
      <Filter>Header Files</Filter>
    </ClInclude>
    <ClInclude Include="include\cryptlib\zdeflate.h">
      <Filter>Header Files</Filter>
    </ClInclude>
    <ClInclude Include="include\cryptlib\zinflate.h">
      <Filter>Header Files</Filter>
    </ClInclude>
    <ClInclude Include="include\cryptlib\zlib.h">
      <Filter>Header Files</Filter>
    </ClInclude>
    <ClInclude Include="include\enet\callbacks.h">
      <Filter>Header Files</Filter>
    </ClInclude>
    <ClInclude Include="include\enet\enet.h">
      <Filter>Header Files</Filter>
    </ClInclude>
    <ClInclude Include="include\enet\list.h">
      <Filter>Header Files</Filter>
    </ClInclude>
    <ClInclude Include="include\enet\protocol.h">
      <Filter>Header Files</Filter>
    </ClInclude>
    <ClInclude Include="include\enet\time.h">
      <Filter>Header Files</Filter>
    </ClInclude>
    <ClInclude Include="include\enet\types.h">
      <Filter>Header Files</Filter>
    </ClInclude>
    <ClInclude Include="include\enet\unix.h">
      <Filter>Header Files</Filter>
    </ClInclude>
    <ClInclude Include="include\enet\utility.h">
      <Filter>Header Files</Filter>
    </ClInclude>
    <ClInclude Include="include\enet\win32.h">
      <Filter>Header Files</Filter>
    </ClInclude>
  </ItemGroup>
  <ItemGroup>
    <ClCompile Include="src\netclient.cpp">
      <Filter>Source Files</Filter>
    </ClCompile>
    <ClCompile Include="src\netserver.cpp">
      <Filter>Source Files</Filter>
    </ClCompile>
    <ClCompile Include="src\packet.cpp">
      <Filter>Source Files</Filter>
    </ClCompile>
  </ItemGroup>
</Project>